
Microsoft Visual Studio Solution File, Format Version 12.00
# Visual Studio Version 17
VisualStudioVersion = 17.4.33205.214
MinimumVisualStudioVersion = 10.0.40219.1
Project("{FAE04EC0-301F-11D3-BF4B-00C04F79EFBC}") = "Sql2Neo4JWithML", "Sql2Neo4JWithML\Sql2Neo4JWithML.csproj", "{6B530548-B40E-46C4-8BFD-BCCFB0B8A8A2}"
EndProject
Global
	GlobalSection(SolutionConfigurationPlatforms) = preSolution
		Debug|Any CPU = Debug|Any CPU
		Release|Any CPU = Release|Any CPU
	EndGlobalSection
	GlobalSection(ProjectConfigurationPlatforms) = postSolution
		{6B530548-B40E-46C4-8BFD-BCCFB0B8A8A2}.Debug|Any CPU.ActiveCfg = Debug|Any CPU
		{6B530548-B40E-46C4-8BFD-BCCFB0B8A8A2}.Debug|Any CPU.Build.0 = Debug|Any CPU
		{6B530548-B40E-46C4-8BFD-BCCFB0B8A8A2}.Release|Any CPU.ActiveCfg = Release|Any CPU
		{6B530548-B40E-46C4-8BFD-BCCFB0B8A8A2}.Release|Any CPU.Build.0 = Release|Any CPU
	EndGlobalSection
	GlobalSection(SolutionProperties) = preSolution
		HideSolutionNode = FALSE
	EndGlobalSection
	GlobalSection(ExtensibilityGlobals) = postSolution
		SolutionGuid = {207D4B05-619A-471A-9B92-00929E8C4A7F}
	EndGlobalSection
EndGlobal
